
Microsoft Visual Studio Solution File, Format Version 12.00
# Visual Studio Version 17
VisualStudioVersion = 17.1.32421.90
MinimumVisualStudioVersion = 10.0.40219.1
Project("{FAE04EC0-301F-11D3-BF4B-00C04F79EFBC}") = "NameStat", "NameStat\NameStat.csproj", "{A91EF042-3268-4687-9B3F-4A903E05DF9C}"
EndProject
Global
	GlobalSection(SolutionConfigurationPlatforms) = preSolution
		Debug|Any CPU = Debug|Any CPU
		Release|Any CPU = Release|Any CPU
	EndGlobalSection
	GlobalSection(ProjectConfigurationPlatforms) = postSolution
		{A91EF042-3268-4687-9B3F-4A903E05DF9C}.Debug|Any CPU.ActiveCfg = Debug|Any CPU
		{A91EF042-3268-4687-9B3F-4A903E05DF9C}.Debug|Any CPU.Build.0 = Debug|Any CPU
		{A91EF042-3268-4687-9B3F-4A903E05DF9C}.Release|Any CPU.ActiveCfg = Release|Any CPU
		{A91EF042-3268-4687-9B3F-4A903E05DF9C}.Release|Any CPU.Build.0 = Release|Any CPU
	EndGlobalSection
	GlobalSection(SolutionProperties) = preSolution
		HideSolutionNode = FALSE
	EndGlobalSection
	GlobalSection(ExtensibilityGlobals) = postSolution
		SolutionGuid = {610FA008-75A6-400E-A2F4-2D814807D327}
	EndGlobalSection
EndGlobal
